
Microsoft Visual Studio Solution File, Format Version 12.00
# Visual Studio Version 17
VisualStudioVersion = 17.6.33815.320
MinimumVisualStudioVersion = 10.0.40219.1
Project("{FAE04EC0-301F-11D3-BF4B-00C04F79EFBC}") = "DataProtection.Web", "DataProtection.Web\DataProtection.Web.csproj", "{81851D5F-6F1E-4389-9B89-35B8DA60D9C3}"
EndProject
Project("{FAE04EC0-301F-11D3-BF4B-00C04F79EFBC}") = "WhiteList.Web", "WhiteList.Web\WhiteList.Web.csproj", "{1A273AFB-0BBD-40FA-8C3E-4C6FDC782B6D}"
EndProject
Project("{FAE04EC0-301F-11D3-BF4B-00C04F79EFBC}") = "SecretProtection.Web", "SecretProtection.Web\SecretProtection.Web.csproj", "{BF54919C-879B-4C7E-8ADE-57BB72DDD1ED}"
EndProject
Project("{FAE04EC0-301F-11D3-BF4B-00C04F79EFBC}") = "MyWeb.API", "MyWeb.API\MyWeb.API.csproj", "{DD630EB1-5D30-434B-A6B2-A6EE2743F382}"
EndProject
Project("{FAE04EC0-301F-11D3-BF4B-00C04F79EFBC}") = "MyWeb.Web", "MyWeb.Web\MyWeb.Web.csproj", "{9AF2E10E-9164-4794-B4F6-F0421AD2C8C0}"
EndProject
Global
	GlobalSection(SolutionConfigurationPlatforms) = preSolution
		Debug|Any CPU = Debug|Any CPU
		Release|Any CPU = Release|Any CPU
	EndGlobalSection
	GlobalSection(ProjectConfigurationPlatforms) = postSolution
		{81851D5F-6F1E-4389-9B89-35B8DA60D9C3}.Debug|Any CPU.ActiveCfg = Debug|Any CPU
		{81851D5F-6F1E-4389-9B89-35B8DA60D9C3}.Debug|Any CPU.Build.0 = Debug|Any CPU
		{81851D5F-6F1E-4389-9B89-35B8DA60D9C3}.Release|Any CPU.ActiveCfg = Release|Any CPU
		{81851D5F-6F1E-4389-9B89-35B8DA60D9C3}.Release|Any CPU.Build.0 = Release|Any CPU
		{1A273AFB-0BBD-40FA-8C3E-4C6FDC782B6D}.Debug|Any CPU.ActiveCfg = Debug|Any CPU
		{1A273AFB-0BBD-40FA-8C3E-4C6FDC782B6D}.Debug|Any CPU.Build.0 = Debug|Any CPU
		{1A273AFB-0BBD-40FA-8C3E-4C6FDC782B6D}.Release|Any CPU.ActiveCfg = Release|Any CPU
		{1A273AFB-0BBD-40FA-8C3E-4C6FDC782B6D}.Release|Any CPU.Build.0 = Release|Any CPU
		{BF54919C-879B-4C7E-8ADE-57BB72DDD1ED}.Debug|Any CPU.ActiveCfg = Debug|Any CPU
		{BF54919C-879B-4C7E-8ADE-57BB72DDD1ED}.Debug|Any CPU.Build.0 = Debug|Any CPU
		{BF54919C-879B-4C7E-8ADE-57BB72DDD1ED}.Release|Any CPU.ActiveCfg = Release|Any CPU
		{BF54919C-879B-4C7E-8ADE-57BB72DDD1ED}.Release|Any CPU.Build.0 = Release|Any CPU
		{DD630EB1-5D30-434B-A6B2-A6EE2743F382}.Debug|Any CPU.ActiveCfg = Debug|Any CPU
		{DD630EB1-5D30-434B-A6B2-A6EE2743F382}.Debug|Any CPU.Build.0 = Debug|Any CPU
		{DD630EB1-5D30-434B-A6B2-A6EE2743F382}.Release|Any CPU.ActiveCfg = Release|Any CPU
		{DD630EB1-5D30-434B-A6B2-A6EE2743F382}.Release|Any CPU.Build.0 = Release|Any CPU
		{9AF2E10E-9164-4794-B4F6-F0421AD2C8C0}.Debug|Any CPU.ActiveCfg = Debug|Any CPU
		{9AF2E10E-9164-4794-B4F6-F0421AD2C8C0}.Debug|Any CPU.Build.0 = Debug|Any CPU
		{9AF2E10E-9164-4794-B4F6-F0421AD2C8C0}.Release|Any CPU.ActiveCfg = Release|Any CPU
		{9AF2E10E-9164-4794-B4F6-F0421AD2C8C0}.Release|Any CPU.Build.0 = Release|Any CPU
	EndGlobalSection
	GlobalSection(SolutionProperties) = preSolution
		HideSolutionNode = FALSE
	EndGlobalSection
	GlobalSection(ExtensibilityGlobals) = postSolution
		SolutionGuid = {221C8181-2AC9-4240-9573-FF53F98A9FCD}
	EndGlobalSection
EndGlobal
